
Microsoft Visual Studio Solution File, Format Version 12.00
# Visual Studio Version 16
VisualStudioVersion = 16.0.31702.278
MinimumVisualStudioVersion = 10.0.40219.1
Project("{FAE04EC0-301F-11D3-BF4B-00C04F79EFBC}") = "CSharpStatements", "CSharpStatements\CSharpStatements.csproj", "{B89BEC9A-DFFB-4510-80D8-1E22295160CE}"
EndProject
Global
	GlobalSection(SolutionConfigurationPlatforms) = preSolution
		Debug|Any CPU = Debug|Any CPU
		Release|Any CPU = Release|Any CPU
	EndGlobalSection
	GlobalSection(ProjectConfigurationPlatforms) = postSolution
		{B89BEC9A-DFFB-4510-80D8-1E22295160CE}.Debug|Any CPU.ActiveCfg = Debug|Any CPU
		{B89BEC9A-DFFB-4510-80D8-1E22295160CE}.Debug|Any CPU.Build.0 = Debug|Any CPU
		{B89BEC9A-DFFB-4510-80D8-1E22295160CE}.Release|Any CPU.ActiveCfg = Release|Any CPU
		{B89BEC9A-DFFB-4510-80D8-1E22295160CE}.Release|Any CPU.Build.0 = Release|Any CPU
	EndGlobalSection
	GlobalSection(SolutionProperties) = preSolution
		HideSolutionNode = FALSE
	EndGlobalSection
	GlobalSection(ExtensibilityGlobals) = postSolution
		SolutionGuid = {ABE39A77-EA5B-4BDB-8FF7-9FA262F79138}
	EndGlobalSection
EndGlobal
